// !$*UTF8*$!
{
	archiveVersion = 1;
	classes = {
	};
	objectVersion = 56;
	objects = {

/* Begin PBXBuildFile section */
		5716DE0D29E43B4A003A4F70 /* UsageTrend.swift in Sources */ = {isa = PBXBuildFile; fileRef = 5716DE0C29E43B4A003A4F70 /* UsageTrend.swift */; };
		57421D3429DF61AC000C0C56 /* HomeViewModel.swift in Sources */ = {isa = PBXBuildFile; fileRef = 57421D3329DF61AB000C0C56 /* HomeViewModel.swift */; };
		5745E44629E4895400707508 /* UsageViewModel.swift in Sources */ = {isa = PBXBuildFile; fileRef = 5745E44529E4895400707508 /* UsageViewModel.swift */; };
		5745E44829E491DE00707508 /* PDFView.swift in Sources */ = {isa = PBXBuildFile; fileRef = 5745E44729E491DE00707508 /* PDFView.swift */; };
		5745E44A29E4A78400707508 /* BreakdownModel.swift in Sources */ = {isa = PBXBuildFile; fileRef = 5745E44929E4A78400707508 /* BreakdownModel.swift */; };
		5745E44D29E4A8F700707508 /* NavigationBarViewModifier.swift in Sources */ = {isa = PBXBuildFile; fileRef = 5745E44C29E4A8F700707508 /* NavigationBarViewModifier.swift */; };
		5745E44F29E4A9EB00707508 /* BreakdownView.swift in Sources */ = {isa = PBXBuildFile; fileRef = 5745E44E29E4A9EB00707508 /* BreakdownView.swift */; };
		5745E45129E4B6B100707508 /* ChartView.swift in Sources */ = {isa = PBXBuildFile; fileRef = 5745E45029E4B6B100707508 /* ChartView.swift */; };
		5767295C29DF27DF00D8A69F /* Cheap_bill_payApp.swift in Sources */ = {isa = PBXBuildFile; fileRef = 5767295B29DF27DF00D8A69F /* Cheap_bill_payApp.swift */; };
		5767295E29DF27DF00D8A69F /* ContentView.swift in Sources */ = {isa = PBXBuildFile; fileRef = 5767295D29DF27DF00D8A69F /* ContentView.swift */; };
		5767296029DF27E100D8A69F /* Assets.xcassets in Resources */ = {isa = PBXBuildFile; fileRef = 5767295F29DF27E100D8A69F /* Assets.xcassets */; };
		5767296329DF27E100D8A69F /* Preview Assets.xcassets in Resources */ = {isa = PBXBuildFile; fileRef = 5767296229DF27E100D8A69F /* Preview Assets.xcassets */; };
		5767296D29DF291900D8A69F /* HomeView.swift in Sources */ = {isa = PBXBuildFile; fileRef = 5767296C29DF291900D8A69F /* HomeView.swift */; };
		5767296F29DF292C00D8A69F /* UsageView.swift in Sources */ = {isa = PBXBuildFile; fileRef = 5767296E29DF292C00D8A69F /* UsageView.swift */; };
		5767297129DF29AF00D8A69F /* PaymentsView.swift in Sources */ = {isa = PBXBuildFile; fileRef = 5767297029DF29AF00D8A69F /* PaymentsView.swift */; };
		5767297629DF2E5800D8A69F /* NetworkManager.swift in Sources */ = {isa = PBXBuildFile; fileRef = 5767297529DF2E5800D8A69F /* NetworkManager.swift */; };
		5767297929DF418C00D8A69F /* CardView.swift in Sources */ = {isa = PBXBuildFile; fileRef = 5767297829DF418C00D8A69F /* CardView.swift */; };
		5767297B29DF480500D8A69F /* NextPayModel.swift in Sources */ = {isa = PBXBuildFile; fileRef = 5767297A29DF480400D8A69F /* NextPayModel.swift */; };
		57A46A0329DF6DF700955E7B /* Alamofire in Frameworks */ = {isa = PBXBuildFile; productRef = 57A46A0229DF6DF700955E7B /* Alamofire */; };
		57F4192C29DF885B006ED19F /* PaymentsViewModel.swift in Sources */ = {isa = PBXBuildFile; fileRef = 57F4192B29DF885B006ED19F /* PaymentsViewModel.swift */; };
		57F4192E29DF889C006ED19F /* PaymentModel.swift in Sources */ = {isa = PBXBuildFile; fileRef = 57F4192D29DF889C006ED19F /* PaymentModel.swift */; };
		57F4193129DF8B8A006ED19F /* PaymentsReceipt.swift in Sources */ = {isa = PBXBuildFile; fileRef = 57F4193029DF8B8A006ED19F /* PaymentsReceipt.swift */; };
/* End PBXBuildFile section */

/* Begin PBXFileReference section */
		5716DE0C29E43B4A003A4F70 /* UsageTrend.swift */ = {isa = PBXFileReference; lastKnownFileType = sourcecode.swift; path = UsageTrend.swift; sourceTree = "<group>"; };
		57421D3329DF61AB000C0C56 /* HomeViewModel.swift */ = {isa = PBXFileReference; lastKnownFileType = sourcecode.swift; path = HomeViewModel.swift; sourceTree = "<group>"; };
		5745E44529E4895400707508 /* UsageViewModel.swift */ = {isa = PBXFileReference; lastKnownFileType = sourcecode.swift; path = UsageViewModel.swift; sourceTree = "<group>"; };
		5745E44729E491DE00707508 /* PDFView.swift */ = {isa = PBXFileReference; lastKnownFileType = sourcecode.swift; path = PDFView.swift; sourceTree = "<group>"; };
		5745E44929E4A78400707508 /* BreakdownModel.swift */ = {isa = PBXFileReference; lastKnownFileType = sourcecode.swift; path = BreakdownModel.swift; sourceTree = "<group>"; };
		5745E44C29E4A8F700707508 /* NavigationBarViewModifier.swift */ = {isa = PBXFileReference; lastKnownFileType = sourcecode.swift; path = NavigationBarViewModifier.swift; sourceTree = "<group>"; };
		5745E44E29E4A9EB00707508 /* BreakdownView.swift */ = {isa = PBXFileReference; lastKnownFileType = sourcecode.swift; path = BreakdownView.swift; sourceTree = "<group>"; };
		5745E45029E4B6B100707508 /* ChartView.swift */ = {isa = PBXFileReference; lastKnownFileType = sourcecode.swift; path = ChartView.swift; sourceTree = "<group>"; };
		5767295829DF27DF00D8A69F /* Cheap-bill-pay.app */ = {isa = PBXFileReference; explicitFileType = wrapper.application; includeInIndex = 0; path = "Cheap-bill-pay.app"; sourceTree = BUILT_PRODUCTS_DIR; };
		5767295B29DF27DF00D8A69F /* Cheap_bill_payApp.swift */ = {isa = PBXFileReference; lastKnownFileType = sourcecode.swift; path = Cheap_bill_payApp.swift; sourceTree = "<group>"; };
		5767295D29DF27DF00D8A69F /* ContentView.swift */ = {isa = PBXFileReference; lastKnownFileType = sourcecode.swift; path = ContentView.swift; sourceTree = "<group>"; };
		5767295F29DF27E100D8A69F /* Assets.xcassets */ = {isa = PBXFileReference; lastKnownFileType = folder.assetcatalog; path = Assets.xcassets; sourceTree = "<group>"; };
		5767296229DF27E100D8A69F /* Preview Assets.xcassets */ = {isa = PBXFileReference; lastKnownFileType = folder.assetcatalog; path = "Preview Assets.xcassets"; sourceTree = "<group>"; };
		5767296C29DF291900D8A69F /* HomeView.swift */ = {isa = PBXFileReference; lastKnownFileType = sourcecode.swift; path = HomeView.swift; sourceTree = "<group>"; };
		5767296E29DF292C00D8A69F /* UsageView.swift */ = {isa = PBXFileReference; lastKnownFileType = sourcecode.swift; path = UsageView.swift; sourceTree = "<group>"; };
		5767297029DF29AF00D8A69F /* PaymentsView.swift */ = {isa = PBXFileReference; lastKnownFileType = sourcecode.swift; path = PaymentsView.swift; sourceTree = "<group>"; };
		5767297529DF2E5800D8A69F /* NetworkManager.swift */ = {isa = PBXFileReference; lastKnownFileType = sourcecode.swift; path = NetworkManager.swift; sourceTree = "<group>"; };
		5767297829DF418C00D8A69F /* CardView.swift */ = {isa = PBXFileReference; lastKnownFileType = sourcecode.swift; path = CardView.swift; sourceTree = "<group>"; };
		5767297A29DF480400D8A69F /* NextPayModel.swift */ = {isa = PBXFileReference; lastKnownFileType = sourcecode.swift; path = NextPayModel.swift; sourceTree = "<group>"; };
		57F4192B29DF885B006ED19F /* PaymentsViewModel.swift */ = {isa = PBXFileReference; lastKnownFileType = sourcecode.swift; path = PaymentsViewModel.swift; sourceTree = "<group>"; };
		57F4192D29DF889C006ED19F /* PaymentModel.swift */ = {isa = PBXFileReference; lastKnownFileType = sourcecode.swift; path = PaymentModel.swift; sourceTree = "<group>"; };
		57F4193029DF8B8A006ED19F /* PaymentsReceipt.swift */ = {isa = PBXFileReference; lastKnownFileType = sourcecode.swift; path = PaymentsReceipt.swift; sourceTree = "<group>"; };
/* End PBXFileReference section */

/* Begin PBXFrameworksBuildPhase section */
		5767295529DF27DF00D8A69F /* Frameworks */ = {
			isa = PBXFrameworksBuildPhase;
			buildActionMask = 2147483647;
			files = (
				57A46A0329DF6DF700955E7B /* Alamofire in Frameworks */,
			);
			runOnlyForDeploymentPostprocessing = 0;
		};
/* End PBXFrameworksBuildPhase section */

/* Begin PBXGroup section */
		57421D3229DF619C000C0C56 /* ViewModels */ = {
			isa = PBXGroup;
			children = (
				57421D3329DF61AB000C0C56 /* HomeViewModel.swift */,
				57F4192B29DF885B006ED19F /* PaymentsViewModel.swift */,
				5745E44529E4895400707508 /* UsageViewModel.swift */,
			);
			path = ViewModels;
			sourceTree = "<group>";
		};
		5745E44229E4837000707508 /* Usage */ = {
			isa = PBXGroup;
			children = (
				5767296E29DF292C00D8A69F /* UsageView.swift */,
				5745E45029E4B6B100707508 /* ChartView.swift */,
			);
			path = Usage;
			sourceTree = "<group>";
		};
		5745E44B29E4A8DE00707508 /* Utils */ = {
			isa = PBXGroup;
			children = (
				5745E44C29E4A8F700707508 /* NavigationBarViewModifier.swift */,
			);
			path = Utils;
			sourceTree = "<group>";
		};
		5767294F29DF27DF00D8A69F = {
			isa = PBXGroup;
			children = (
				5767295A29DF27DF00D8A69F /* Cheap-bill-pay */,
				5767295929DF27DF00D8A69F /* Products */,
			);
			sourceTree = "<group>";
		};
		5767295929DF27DF00D8A69F /* Products */ = {
			isa = PBXGroup;
			children = (
				5767295829DF27DF00D8A69F /* Cheap-bill-pay.app */,
			);
			name = Products;
			sourceTree = "<group>";
		};
		5767295A29DF27DF00D8A69F /* Cheap-bill-pay */ = {
			isa = PBXGroup;
			children = (
				5745E44B29E4A8DE00707508 /* Utils */,
				57421D3229DF619C000C0C56 /* ViewModels */,
				5767297429DF2E4A00D8A69F /* Services */,
				5767296A29DF28D300D8A69F /* Models */,
				5767296929DF28CD00D8A69F /* Views */,
				5767295B29DF27DF00D8A69F /* Cheap_bill_payApp.swift */,
				5767295D29DF27DF00D8A69F /* ContentView.swift */,
				5767295F29DF27E100D8A69F /* Assets.xcassets */,
				5767296129DF27E100D8A69F /* Preview Content */,
			);
			path = "Cheap-bill-pay";
			sourceTree = "<group>";
		};
		5767296129DF27E100D8A69F /* Preview Content */ = {
			isa = PBXGroup;
			children = (
				5767296229DF27E100D8A69F /* Preview Assets.xcassets */,
			);
			path = "Preview Content";
			sourceTree = "<group>";
		};
		5767296929DF28CD00D8A69F /* Views */ = {
			isa = PBXGroup;
			children = (
				5745E44229E4837000707508 /* Usage */,
				57F4192F29DF8B6F006ED19F /* Payment */,
				5767297729DF3ED000D8A69F /* Home */,
			);
			path = Views;
			sourceTree = "<group>";
		};
		5767296A29DF28D300D8A69F /* Models */ = {
			isa = PBXGroup;
			children = (
				5767297A29DF480400D8A69F /* NextPayModel.swift */,
				57F4192D29DF889C006ED19F /* PaymentModel.swift */,
				5745E44929E4A78400707508 /* BreakdownModel.swift */,
			);
			path = Models;
			sourceTree = "<group>";
		};
		5767297429DF2E4A00D8A69F /* Services */ = {
			isa = PBXGroup;
			children = (
				5767297529DF2E5800D8A69F /* NetworkManager.swift */,
			);
			path = Services;
			sourceTree = "<group>";
		};
		5767297729DF3ED000D8A69F /* Home */ = {
			isa = PBXGroup;
			children = (
				5767296C29DF291900D8A69F /* HomeView.swift */,
				5767297829DF418C00D8A69F /* CardView.swift */,
				5716DE0C29E43B4A003A4F70 /* UsageTrend.swift */,
				5745E44E29E4A9EB00707508 /* BreakdownView.swift */,
			);
			path = Home;
			sourceTree = "<group>";
		};
		57F4192F29DF8B6F006ED19F /* Payment */ = {
			isa = PBXGroup;
			children = (
				5767297029DF29AF00D8A69F /* PaymentsView.swift */,
				57F4193029DF8B8A006ED19F /* PaymentsReceipt.swift */,
				5745E44729E491DE00707508 /* PDFView.swift */,
			);
			path = Payment;
			sourceTree = "<group>";
		};
/* End PBXGroup section */

/* Begin PBXNativeTarget section */
		5767295729DF27DF00D8A69F /* Cheap-bill-pay */ = {
			isa = PBXNativeTarget;
			buildConfigurationList = 5767296629DF27E100D8A69F /* Build configuration list for PBXNativeTarget "Cheap-bill-pay" */;
			buildPhases = (
				5767295429DF27DF00D8A69F /* Sources */,
				5767295529DF27DF00D8A69F /* Frameworks */,
				5767295629DF27DF00D8A69F /* Resources */,
			);
			buildRules = (
			);
			dependencies = (
			);
			name = "Cheap-bill-pay";
			packageProductDependencies = (
				57A46A0229DF6DF700955E7B /* Alamofire */,
			);
			productName = "Cheap-bill-pay";
			productReference = 5767295829DF27DF00D8A69F /* Cheap-bill-pay.app */;
			productType = "com.apple.product-type.application";
		};
/* End PBXNativeTarget section */

/* Begin PBXProject section */
		5767295029DF27DF00D8A69F /* Project object */ = {
			isa = PBXProject;
			attributes = {
				BuildIndependentTargetsInParallel = 1;
				LastSwiftUpdateCheck = 1430;
				LastUpgradeCheck = 1430;
				TargetAttributes = {
					5767295729DF27DF00D8A69F = {
						CreatedOnToolsVersion = 14.3;
					};
				};
			};
			buildConfigurationList = 5767295329DF27DF00D8A69F /* Build configuration list for PBXProject "Cheap-bill-pay" */;
			compatibilityVersion = "Xcode 14.0";
			developmentRegion = en;
			hasScannedForEncodings = 0;
			knownRegions = (
				en,
				Base,
			);
			mainGroup = 5767294F29DF27DF00D8A69F;
			packageReferences = (
				57A46A0129DF6DF700955E7B /* XCRemoteSwiftPackageReference "Alamofire" */,
			);
			productRefGroup = 5767295929DF27DF00D8A69F /* Products */;
			projectDirPath = "";
			projectRoot = "";
			targets = (
				5767295729DF27DF00D8A69F /* Cheap-bill-pay */,
			);
		};
/* End PBXProject section */

/* Begin PBXResourcesBuildPhase section */
		5767295629DF27DF00D8A69F /* Resources */ = {
			isa = PBXResourcesBuildPhase;
			buildActionMask = 2147483647;
			files = (
				5767296329DF27E100D8A69F /* Preview Assets.xcassets in Resources */,
				5767296029DF27E100D8A69F /* Assets.xcassets in Resources */,
			);
			runOnlyForDeploymentPostprocessing = 0;
		};
/* End PBXResourcesBuildPhase section */

/* Begin PBXSourcesBuildPhase section */
		5767295429DF27DF00D8A69F /* Sources */ = {
			isa = PBXSourcesBuildPhase;
			buildActionMask = 2147483647;
			files = (
				5767297B29DF480500D8A69F /* NextPayModel.swift in Sources */,
				5716DE0D29E43B4A003A4F70 /* UsageTrend.swift in Sources */,
				57F4192E29DF889C006ED19F /* PaymentModel.swift in Sources */,
				5745E44D29E4A8F700707508 /* NavigationBarViewModifier.swift in Sources */,
				57421D3429DF61AC000C0C56 /* HomeViewModel.swift in Sources */,
				5767296D29DF291900D8A69F /* HomeView.swift in Sources */,
				5767295E29DF27DF00D8A69F /* ContentView.swift in Sources */,
				57F4193129DF8B8A006ED19F /* PaymentsReceipt.swift in Sources */,
				5745E44629E4895400707508 /* UsageViewModel.swift in Sources */,
				5767297629DF2E5800D8A69F /* NetworkManager.swift in Sources */,
				5745E45129E4B6B100707508 /* ChartView.swift in Sources */,
				5767296F29DF292C00D8A69F /* UsageView.swift in Sources */,
				5745E44F29E4A9EB00707508 /* BreakdownView.swift in Sources */,
				5767295C29DF27DF00D8A69F /* Cheap_bill_payApp.swift in Sources */,
				5767297929DF418C00D8A69F /* CardView.swift in Sources */,
				5745E44829E491DE00707508 /* PDFView.swift in Sources */,
				5745E44A29E4A78400707508 /* BreakdownModel.swift in Sources */,
				5767297129DF29AF00D8A69F /* PaymentsView.swift in Sources */,
				57F4192C29DF885B006ED19F /* PaymentsViewModel.swift in Sources */,
			);
			runOnlyForDeploymentPostprocessing = 0;
		};
/* End PBXSourcesBuildPhase section */

/* Begin XCBuildConfiguration section */
		5767296429DF27E100D8A69F /* Debug */ = {
			isa = XCBuildConfiguration;
			buildSettings = {
				ALWAYS_SEARCH_USER_PATHS = NO;
				CLANG_ANALYZER_NONNULL = YES;
				CLANG_ANALYZER_NUMBER_OBJECT_CONVERSION = YES_AGGRESSIVE;
				CLANG_CXX_LANGUAGE_STANDARD = "gnu++20";
				CLANG_ENABLE_MODULES = YES;
				CLANG_ENABLE_OBJC_ARC = YES;
				CLANG_ENABLE_OBJC_WEAK = YES;
				CLANG_WARN_BLOCK_CAPTURE_AUTORELEASING = YES;
				CLANG_WARN_BOOL_CONVERSION = YES;
				CLANG_WARN_COMMA = YES;
				CLANG_WARN_CONSTANT_CONVERSION = YES;
				CLANG_WARN_DEPRECATED_OBJC_IMPLEMENTATIONS = YES;
				CLANG_WARN_DIRECT_OBJC_ISA_USAGE = YES_ERROR;
				CLANG_WARN_DOCUMENTATION_COMMENTS = YES;
				CLANG_WARN_EMPTY_BODY = YES;
				CLANG_WARN_ENUM_CONVERSION = YES;
				CLANG_WARN_INFINITE_RECURSION = YES;
				CLANG_WARN_INT_CONVERSION = YES;
				CLANG_WARN_NON_LITERAL_NULL_CONVERSION = YES;
				CLANG_WARN_OBJC_IMPLICIT_RETAIN_SELF = YES;
				CLANG_WARN_OBJC_LITERAL_CONVERSION = YES;
				CLANG_WARN_OBJC_ROOT_CLASS = YES_ERROR;
				CLANG_WARN_QUOTED_INCLUDE_IN_FRAMEWORK_HEADER = YES;
				CLANG_WARN_RANGE_LOOP_ANALYSIS = YES;
				CLANG_WARN_STRICT_PROTOTYPES = YES;
				CLANG_WARN_SUSPICIOUS_MOVE = YES;
				CLANG_WARN_UNGUARDED_AVAILABILITY = YES_AGGRESSIVE;
				CLANG_WARN_UNREACHABLE_CODE = YES;
				CLANG_WARN__DUPLICATE_METHOD_MATCH = YES;
				COPY_PHASE_STRIP = NO;
				DEBUG_INFORMATION_FORMAT = dwarf;
				ENABLE_STRICT_OBJC_MSGSEND = YES;
				ENABLE_TESTABILITY = YES;
				GCC_C_LANGUAGE_STANDARD = gnu11;
				GCC_DYNAMIC_NO_PIC = NO;
				GCC_NO_COMMON_BLOCKS = YES;
				GCC_OPTIMIZATION_LEVEL = 0;
				GCC_PREPROCESSOR_DEFINITIONS = (
					"DEBUG=1",
					"$(inherited)",
				);
				GCC_WARN_64_TO_32_BIT_CONVERSION = YES;
				GCC_WARN_ABOUT_RETURN_TYPE = YES_ERROR;
				GCC_WARN_UNDECLARED_SELECTOR = YES;
				GCC_WARN_UNINITIALIZED_AUTOS = YES_AGGRESSIVE;
				GCC_WARN_UNUSED_FUNCTION = YES;
				GCC_WARN_UNUSED_VARIABLE = YES;
				IPHONEOS_DEPLOYMENT_TARGET = 16.4;
				MTL_ENABLE_DEBUG_INFO = INCLUDE_SOURCE;
				MTL_FAST_MATH = YES;
				ONLY_ACTIVE_ARCH = YES;
				SDKROOT = iphoneos;
				SWIFT_ACTIVE_COMPILATION_CONDITIONS = DEBUG;
				SWIFT_OPTIMIZATION_LEVEL = "-Onone";
			};
			name = Debug;
		};
		5767296529DF27E100D8A69F /* Release */ = {
			isa = XCBuildConfiguration;
			buildSettings = {
				ALWAYS_SEARCH_USER_PATHS = NO;
				CLANG_ANALYZER_NONNULL = YES;
				CLANG_ANALYZER_NUMBER_OBJECT_CONVERSION = YES_AGGRESSIVE;
				CLANG_CXX_LANGUAGE_STANDARD = "gnu++20";
				CLANG_ENABLE_MODULES = YES;
				CLANG_ENABLE_OBJC_ARC = YES;
				CLANG_ENABLE_OBJC_WEAK = YES;
				CLANG_WARN_BLOCK_CAPTURE_AUTORELEASING = YES;
				CLANG_WARN_BOOL_CONVERSION = YES;
				CLANG_WARN_COMMA = YES;
				CLANG_WARN_CONSTANT_CONVERSION = YES;
				CLANG_WARN_DEPRECATED_OBJC_IMPLEMENTATIONS = YES;
				CLANG_WARN_DIRECT_OBJC_ISA_USAGE = YES_ERROR;
				CLANG_WARN_DOCUMENTATION_COMMENTS = YES;
				CLANG_WARN_EMPTY_BODY = YES;
				CLANG_WARN_ENUM_CONVERSION = YES;
				CLANG_WARN_INFINITE_RECURSION = YES;
				CLANG_WARN_INT_CONVERSION = YES;
				CLANG_WARN_NON_LITERAL_NULL_CONVERSION = YES;
				CLANG_WARN_OBJC_IMPLICIT_RETAIN_SELF = YES;
				CLANG_WARN_OBJC_LITERAL_CONVERSION = YES;
				CLANG_WARN_OBJC_ROOT_CLASS = YES_ERROR;
				CLANG_WARN_QUOTED_INCLUDE_IN_FRAMEWORK_HEADER = YES;
				CLANG_WARN_RANGE_LOOP_ANALYSIS = YES;
				CLANG_WARN_STRICT_PROTOTYPES = YES;
				CLANG_WARN_SUSPICIOUS_MOVE = YES;
				CLANG_WARN_UNGUARDED_AVAILABILITY = YES_AGGRESSIVE;
				CLANG_WARN_UNREACHABLE_CODE = YES;
				CLANG_WARN__DUPLICATE_METHOD_MATCH = YES;
				COPY_PHASE_STRIP = NO;
				DEBUG_INFORMATION_FORMAT = "dwarf-with-dsym";
				ENABLE_NS_ASSERTIONS = NO;
				ENABLE_STRICT_OBJC_MSGSEND = YES;
				GCC_C_LANGUAGE_STANDARD = gnu11;
				GCC_NO_COMMON_BLOCKS = YES;
				GCC_WARN_64_TO_32_BIT_CONVERSION = YES;
				GCC_WARN_ABOUT_RETURN_TYPE = YES_ERROR;
				GCC_WARN_UNDECLARED_SELECTOR = YES;
				GCC_WARN_UNINITIALIZED_AUTOS = YES_AGGRESSIVE;
				GCC_WARN_UNUSED_FUNCTION = YES;
				GCC_WARN_UNUSED_VARIABLE = YES;
				IPHONEOS_DEPLOYMENT_TARGET = 16.4;
				MTL_ENABLE_DEBUG_INFO = NO;
				MTL_FAST_MATH = YES;
				SDKROOT = iphoneos;
				SWIFT_COMPILATION_MODE = wholemodule;
				SWIFT_OPTIMIZATION_LEVEL = "-O";
				VALIDATE_PRODUCT = YES;
			};
			name = Release;
		};
		5767296729DF27E100D8A69F /* Debug */ = {
			isa = XCBuildConfiguration;
			buildSettings = {
				ASSETCATALOG_COMPILER_APPICON_NAME = AppIcon;
				ASSETCATALOG_COMPILER_GLOBAL_ACCENT_COLOR_NAME = AccentColor;
				CODE_SIGN_STYLE = Automatic;
				CURRENT_PROJECT_VERSION = 1;
				DEVELOPMENT_ASSET_PATHS = "\"Cheap-bill-pay/Preview Content\"";
				DEVELOPMENT_TEAM = R5MBZ7H925;
				ENABLE_PREVIEWS = YES;
				GENERATE_INFOPLIST_FILE = YES;
				INFOPLIST_KEY_UIApplicationSceneManifest_Generation = YES;
				INFOPLIST_KEY_UIApplicationSupportsIndirectInputEvents = YES;
				INFOPLIST_KEY_UILaunchScreen_Generation = YES;
				INFOPLIST_KEY_UISupportedInterfaceOrientations_iPad = "UIInterfaceOrientationPortrait UIInterfaceOrientationPortraitUpsideDown UIInterfaceOrientationLandscapeLeft UIInterfaceOrientationLandscapeRight";
				INFOPLIST_KEY_UISupportedInterfaceOrientations_iPhone = "UIInterfaceOrientationPortrait UIInterfaceOrientationLandscapeLeft UIInterfaceOrientationLandscapeRight";
				IPHONEOS_DEPLOYMENT_TARGET = 16;
				LD_RUNPATH_SEARCH_PATHS = (
					"$(inherited)",
					"@executable_path/Frameworks",
				);
				MARKETING_VERSION = 1.0;
				PRODUCT_BUNDLE_IDENTIFIER = "com.feernandooff.Cheap-bill-pay";
				PRODUCT_NAME = "$(TARGET_NAME)";
				SWIFT_EMIT_LOC_STRINGS = YES;
				SWIFT_VERSION = 5.0;
				TARGETED_DEVICE_FAMILY = "1,2";
			};
			name = Debug;
		};
		5767296829DF27E100D8A69F /* Release */ = {
			isa = XCBuildConfiguration;
			buildSettings = {
				ASSETCATALOG_COMPILER_APPICON_NAME = AppIcon;
				ASSETCATALOG_COMPILER_GLOBAL_ACCENT_COLOR_NAME = AccentColor;
				CODE_SIGN_STYLE = Automatic;
				CURRENT_PROJECT_VERSION = 1;
				DEVELOPMENT_ASSET_PATHS = "\"Cheap-bill-pay/Preview Content\"";
				DEVELOPMENT_TEAM = R5MBZ7H925;
				ENABLE_PREVIEWS = YES;
				GENERATE_INFOPLIST_FILE = YES;
				INFOPLIST_KEY_UIApplicationSceneManifest_Generation = YES;
				INFOPLIST_KEY_UIApplicationSupportsIndirectInputEvents = YES;
				INFOPLIST_KEY_UILaunchScreen_Generation = YES;
				INFOPLIST_KEY_UISupportedInterfaceOrientations_iPad = "UIInterfaceOrientationPortrait UIInterfaceOrientationPortraitUpsideDown UIInterfaceOrientationLandscapeLeft UIInterfaceOrientationLandscapeRight";
				INFOPLIST_KEY_UISupportedInterfaceOrientations_iPhone = "UIInterfaceOrientationPortrait UIInterfaceOrientationLandscapeLeft UIInterfaceOrientationLandscapeRight";
				IPHONEOS_DEPLOYMENT_TARGET = 16;
				LD_RUNPATH_SEARCH_PATHS = (
					"$(inherited)",
					"@executable_path/Frameworks",
				);
				MARKETING_VERSION = 1.0;
				PRODUCT_BUNDLE_IDENTIFIER = "com.feernandooff.Cheap-bill-pay";
				PRODUCT_NAME = "$(TARGET_NAME)";
				SWIFT_EMIT_LOC_STRINGS = YES;
				SWIFT_VERSION = 5.0;
				TARGETED_DEVICE_FAMILY = "1,2";
			};
			name = Release;
		};
/* End XCBuildConfiguration section */

/* Begin XCConfigurationList section */
		5767295329DF27DF00D8A69F /* Build configuration list for PBXProject "Cheap-bill-pay" */ = {
			isa = XCConfigurationList;
			buildConfigurations = (
				5767296429DF27E100D8A69F /* Debug */,
				5767296529DF27E100D8A69F /* Release */,
			);
			defaultConfigurationIsVisible = 0;
			defaultConfigurationName = Release;
		};
		5767296629DF27E100D8A69F /* Build configuration list for PBXNativeTarget "Cheap-bill-pay" */ = {
			isa = XCConfigurationList;
			buildConfigurations = (
				5767296729DF27E100D8A69F /* Debug */,
				5767296829DF27E100D8A69F /* Release */,
			);
			defaultConfigurationIsVisible = 0;
			defaultConfigurationName = Release;
		};
/* End XCConfigurationList section */

/* Begin XCRemoteSwiftPackageReference section */
		57A46A0129DF6DF700955E7B /* XCRemoteSwiftPackageReference "Alamofire" */ = {
			isa = XCRemoteSwiftPackageReference;
			repositoryURL = "https://github.com/Alamofire/Alamofire";
			requirement = {
				kind = upToNextMajorVersion;
				minimumVersion = 5.0.0;
			};
		};
/* End XCRemoteSwiftPackageReference section */

/* Begin XCSwiftPackageProductDependency section */
		57A46A0229DF6DF700955E7B /* Alamofire */ = {
			isa = XCSwiftPackageProductDependency;
			package = 57A46A0129DF6DF700955E7B /* XCRemoteSwiftPackageReference "Alamofire" */;
			productName = Alamofire;
		};
/* End XCSwiftPackageProductDependency section */
	};
	rootObject = 5767295029DF27DF00D8A69F /* Project object */;
}
